// !$*UTF8*$!
{
	archiveVersion = 1;
	classes = {
	};
	objectVersion = 48;
	objects = {

/* Begin PBXBuildFile section */
		A5209AB1202CAB4C0075DD0D /* RecipeTableViewController.swift in Sources */ = {isa = PBXBuildFile; fileRef = A5209AB0202CAB4C0075DD0D /* RecipeTableViewController.swift */; };
		A5209AB4202CAD660075DD0D /* SearchPageViewController.swift in Sources */ = {isa = PBXBuildFile; fileRef = A5209AB3202CAD660075DD0D /* SearchPageViewController.swift */; };
		A5209AB6202CADDE0075DD0D /* ResultsViewController.swift in Sources */ = {isa = PBXBuildFile; fileRef = A5209AB5202CADDE0075DD0D /* ResultsViewController.swift */; };
		A56EFF972028B0B000B106F5 /* AppDelegate.swift in Sources */ = {isa = PBXBuildFile; fileRef = A56EFF962028B0B000B106F5 /* AppDelegate.swift */; };
		A56EFF992028B0B000B106F5 /* LoginViewController.swift in Sources */ = {isa = PBXBuildFile; fileRef = A56EFF982028B0B000B106F5 /* LoginViewController.swift */; };
		A56EFF9C2028B0B000B106F5 /* Main.storyboard in Resources */ = {isa = PBXBuildFile; fileRef = A56EFF9A2028B0B000B106F5 /* Main.storyboard */; };
		A56EFF9E2028B0B000B106F5 /* Assets.xcassets in Resources */ = {isa = PBXBuildFile; fileRef = A56EFF9D2028B0B000B106F5 /* Assets.xcassets */; };
		A56EFFA12028B0B000B106F5 /* LaunchScreen.storyboard in Resources */ = {isa = PBXBuildFile; fileRef = A56EFF9F2028B0B000B106F5 /* LaunchScreen.storyboard */; };
		A56EFFAC2028B0B000B106F5 /* Kitchen_HelpTests.swift in Sources */ = {isa = PBXBuildFile; fileRef = A56EFFAB2028B0B000B106F5 /* Kitchen_HelpTests.swift */; };
		A56EFFB72028B0B000B106F5 /* Kitchen_HelpUITests.swift in Sources */ = {isa = PBXBuildFile; fileRef = A56EFFB62028B0B000B106F5 /* Kitchen_HelpUITests.swift */; };
		A5B169CB20446B1300A524A5 /* HomeTableViewController.swift in Sources */ = {isa = PBXBuildFile; fileRef = A5B169CA20446B1300A524A5 /* HomeTableViewController.swift */; };
		A5B169CD20446B3F00A524A5 /* PantryViewController.swift in Sources */ = {isa = PBXBuildFile; fileRef = A5B169CC20446B3F00A524A5 /* PantryViewController.swift */; };
		A5B169CF20446CA800A524A5 /* Pantry.plist in Resources */ = {isa = PBXBuildFile; fileRef = A5B169CE20446CA800A524A5 /* Pantry.plist */; };
		A5C9FC55203F3392008262CE /* GoogleService-Info.plist in Resources */ = {isa = PBXBuildFile; fileRef = A5C9FC54203F3392008262CE /* GoogleService-Info.plist */; };
		A5CC4CC92041E4D90019BBF3 /* Recipes.plist in Resources */ = {isa = PBXBuildFile; fileRef = A5CC4CC82041E4D90019BBF3 /* Recipes.plist */; };
/* End PBXBuildFile section */

/* Begin PBXContainerItemProxy section */
		A56EFFA82028B0B000B106F5 /* PBXContainerItemProxy */ = {
			isa = PBXContainerItemProxy;
			containerPortal = A56EFF8B2028B0B000B106F5 /* Project object */;
			proxyType = 1;
			remoteGlobalIDString = A56EFF922028B0B000B106F5;
			remoteInfo = "Kitchen Help";
		};
		A56EFFB32028B0B000B106F5 /* PBXContainerItemProxy */ = {
			isa = PBXContainerItemProxy;
			containerPortal = A56EFF8B2028B0B000B106F5 /* Project object */;
			proxyType = 1;
			remoteGlobalIDString = A56EFF922028B0B000B106F5;
			remoteInfo = "Kitchen Help";
		};
/* End PBXContainerItemProxy section */

/* Begin PBXFileReference section */
		A5209AB0202CAB4C0075DD0D /* RecipeTableViewController.swift */ = {isa = PBXFileReference; lastKnownFileType = sourcecode.swift; path = RecipeTableViewController.swift; sourceTree = "<group>"; };
		A5209AB3202CAD660075DD0D /* SearchPageViewController.swift */ = {isa = PBXFileReference; lastKnownFileType = sourcecode.swift; path = SearchPageViewController.swift; sourceTree = "<group>"; };
		A5209AB5202CADDE0075DD0D /* ResultsViewController.swift */ = {isa = PBXFileReference; lastKnownFileType = sourcecode.swift; path = ResultsViewController.swift; sourceTree = "<group>"; };
		A56EFF932028B0B000B106F5 /* Kitchen Help.app */ = {isa = PBXFileReference; explicitFileType = wrapper.application; includeInIndex = 0; path = "Kitchen Help.app"; sourceTree = BUILT_PRODUCTS_DIR; };
		A56EFF962028B0B000B106F5 /* AppDelegate.swift */ = {isa = PBXFileReference; lastKnownFileType = sourcecode.swift; path = AppDelegate.swift; sourceTree = "<group>"; };
		A56EFF982028B0B000B106F5 /* LoginViewController.swift */ = {isa = PBXFileReference; lastKnownFileType = sourcecode.swift; path = LoginViewController.swift; sourceTree = "<group>"; };
		A56EFF9B2028B0B000B106F5 /* Base */ = {isa = PBXFileReference; lastKnownFileType = file.storyboard; name = Base; path = Base.lproj/Main.storyboard; sourceTree = "<group>"; };
		A56EFF9D2028B0B000B106F5 /* Assets.xcassets */ = {isa = PBXFileReference; lastKnownFileType = folder.assetcatalog; path = Assets.xcassets; sourceTree = "<group>"; };
		A56EFFA02028B0B000B106F5 /* Base */ = {isa = PBXFileReference; lastKnownFileType = file.storyboard; name = Base; path = Base.lproj/LaunchScreen.storyboard; sourceTree = "<group>"; };
		A56EFFA22028B0B000B106F5 /* Info.plist */ = {isa = PBXFileReference; lastKnownFileType = text.plist.xml; path = Info.plist; sourceTree = "<group>"; };
		A56EFFA72028B0B000B106F5 /* Kitchen HelpTests.xctest */ = {isa = PBXFileReference; explicitFileType = wrapper.cfbundle; includeInIndex = 0; path = "Kitchen HelpTests.xctest"; sourceTree = BUILT_PRODUCTS_DIR; };
		A56EFFAB2028B0B000B106F5 /* Kitchen_HelpTests.swift */ = {isa = PBXFileReference; lastKnownFileType = sourcecode.swift; path = Kitchen_HelpTests.swift; sourceTree = "<group>"; };
		A56EFFAD2028B0B000B106F5 /* Info.plist */ = {isa = PBXFileReference; lastKnownFileType = text.plist.xml; path = Info.plist; sourceTree = "<group>"; };
		A56EFFB22028B0B000B106F5 /* Kitchen HelpUITests.xctest */ = {isa = PBXFileReference; explicitFileType = wrapper.cfbundle; includeInIndex = 0; path = "Kitchen HelpUITests.xctest"; sourceTree = BUILT_PRODUCTS_DIR; };
		A56EFFB62028B0B000B106F5 /* Kitchen_HelpUITests.swift */ = {isa = PBXFileReference; lastKnownFileType = sourcecode.swift; path = Kitchen_HelpUITests.swift; sourceTree = "<group>"; };
		A56EFFB82028B0B000B106F5 /* Info.plist */ = {isa = PBXFileReference; lastKnownFileType = text.plist.xml; path = Info.plist; sourceTree = "<group>"; };
		A5B169CA20446B1300A524A5 /* HomeTableViewController.swift */ = {isa = PBXFileReference; lastKnownFileType = sourcecode.swift; path = HomeTableViewController.swift; sourceTree = "<group>"; };
		A5B169CC20446B3F00A524A5 /* PantryViewController.swift */ = {isa = PBXFileReference; lastKnownFileType = sourcecode.swift; path = PantryViewController.swift; sourceTree = "<group>"; };
		A5B169CE20446CA800A524A5 /* Pantry.plist */ = {isa = PBXFileReference; lastKnownFileType = text.plist.xml; path = Pantry.plist; sourceTree = "<group>"; };
		A5C9FC54203F3392008262CE /* GoogleService-Info.plist */ = {isa = PBXFileReference; fileEncoding = 4; lastKnownFileType = text.plist.xml; path = "GoogleService-Info.plist"; sourceTree = "<group>"; };
		A5CC4CC82041E4D90019BBF3 /* Recipes.plist */ = {isa = PBXFileReference; lastKnownFileType = text.plist.xml; path = Recipes.plist; sourceTree = "<group>"; };
/* End PBXFileReference section */

/* Begin PBXFrameworksBuildPhase section */
		A56EFF902028B0B000B106F5 /* Frameworks */ = {
			isa = PBXFrameworksBuildPhase;
			buildActionMask = 2147483647;
			files = (
			);
			runOnlyForDeploymentPostprocessing = 0;
		};
		A56EFFA42028B0B000B106F5 /* Frameworks */ = {
			isa = PBXFrameworksBuildPhase;
			buildActionMask = 2147483647;
			files = (
			);
			runOnlyForDeploymentPostprocessing = 0;
		};
		A56EFFAF2028B0B000B106F5 /* Frameworks */ = {
			isa = PBXFrameworksBuildPhase;
			buildActionMask = 2147483647;
			files = (
			);
			runOnlyForDeploymentPostprocessing = 0;
		};
/* End PBXFrameworksBuildPhase section */

/* Begin PBXGroup section */
		A5209AB2202CAB6B0075DD0D /* Controllers */ = {
			isa = PBXGroup;
			children = (
				A56EFF982028B0B000B106F5 /* LoginViewController.swift */,
				A5B169CA20446B1300A524A5 /* HomeTableViewController.swift */,
				A5209AB3202CAD660075DD0D /* SearchPageViewController.swift */,
				A5209AB0202CAB4C0075DD0D /* RecipeTableViewController.swift */,
				A5209AB5202CADDE0075DD0D /* ResultsViewController.swift */,
				A5B169CC20446B3F00A524A5 /* PantryViewController.swift */,
			);
			path = Controllers;
			sourceTree = "<group>";
		};
		A56EFF8A2028B0B000B106F5 = {
			isa = PBXGroup;
			children = (
				A56EFF952028B0B000B106F5 /* Kitchen Help */,
				A56EFFAA2028B0B000B106F5 /* Kitchen HelpTests */,
				A56EFFB52028B0B000B106F5 /* Kitchen HelpUITests */,
				A56EFF942028B0B000B106F5 /* Products */,
			);
			sourceTree = "<group>";
		};
		A56EFF942028B0B000B106F5 /* Products */ = {
			isa = PBXGroup;
			children = (
				A56EFF932028B0B000B106F5 /* Kitchen Help.app */,
				A56EFFA72028B0B000B106F5 /* Kitchen HelpTests.xctest */,
				A56EFFB22028B0B000B106F5 /* Kitchen HelpUITests.xctest */,
			);
			name = Products;
			sourceTree = "<group>";
		};
		A56EFF952028B0B000B106F5 /* Kitchen Help */ = {
			isa = PBXGroup;
			children = (
				A5CC4CCA2041E83F0019BBF3 /* Property Lists */,
				A5209AB2202CAB6B0075DD0D /* Controllers */,
				A56EFF962028B0B000B106F5 /* AppDelegate.swift */,
				A56EFF9A2028B0B000B106F5 /* Main.storyboard */,
				A56EFFA22028B0B000B106F5 /* Info.plist */,
				A56EFF9D2028B0B000B106F5 /* Assets.xcassets */,
				A56EFF9F2028B0B000B106F5 /* LaunchScreen.storyboard */,
			);
			path = "Kitchen Help";
			sourceTree = "<group>";
		};
		A56EFFAA2028B0B000B106F5 /* Kitchen HelpTests */ = {
			isa = PBXGroup;
			children = (
				A56EFFAB2028B0B000B106F5 /* Kitchen_HelpTests.swift */,
				A56EFFAD2028B0B000B106F5 /* Info.plist */,
			);
			path = "Kitchen HelpTests";
			sourceTree = "<group>";
		};
		A56EFFB52028B0B000B106F5 /* Kitchen HelpUITests */ = {
			isa = PBXGroup;
			children = (
				A56EFFB62028B0B000B106F5 /* Kitchen_HelpUITests.swift */,
				A56EFFB82028B0B000B106F5 /* Info.plist */,
			);
			path = "Kitchen HelpUITests";
			sourceTree = "<group>";
		};
		A5CC4CCA2041E83F0019BBF3 /* Property Lists */ = {
			isa = PBXGroup;
			children = (
				A5CC4CC82041E4D90019BBF3 /* Recipes.plist */,
				A5B169CE20446CA800A524A5 /* Pantry.plist */,
				A5C9FC54203F3392008262CE /* GoogleService-Info.plist */,
			);
			path = "Property Lists";
			sourceTree = "<group>";
		};
/* End PBXGroup section */

/* Begin PBXNativeTarget section */
		A56EFF922028B0B000B106F5 /* Kitchen Help */ = {
			isa = PBXNativeTarget;
			buildConfigurationList = A56EFFBB2028B0B000B106F5 /* Build configuration list for PBXNativeTarget "Kitchen Help" */;
			buildPhases = (
				A56EFF8F2028B0B000B106F5 /* Sources */,
				A56EFF902028B0B000B106F5 /* Frameworks */,
				A56EFF912028B0B000B106F5 /* Resources */,
			);
			buildRules = (
			);
			dependencies = (
			);
			name = "Kitchen Help";
			productName = "Kitchen Help";
			productReference = A56EFF932028B0B000B106F5 /* Kitchen Help.app */;
			productType = "com.apple.product-type.application";
		};
		A56EFFA62028B0B000B106F5 /* Kitchen HelpTests */ = {
			isa = PBXNativeTarget;
			buildConfigurationList = A56EFFBE2028B0B000B106F5 /* Build configuration list for PBXNativeTarget "Kitchen HelpTests" */;
			buildPhases = (
				A56EFFA32028B0B000B106F5 /* Sources */,
				A56EFFA42028B0B000B106F5 /* Frameworks */,
				A56EFFA52028B0B000B106F5 /* Resources */,
			);
			buildRules = (
			);
			dependencies = (
				A56EFFA92028B0B000B106F5 /* PBXTargetDependency */,
			);
			name = "Kitchen HelpTests";
			productName = "Kitchen HelpTests";
			productReference = A56EFFA72028B0B000B106F5 /* Kitchen HelpTests.xctest */;
			productType = "com.apple.product-type.bundle.unit-test";
		};
		A56EFFB12028B0B000B106F5 /* Kitchen HelpUITests */ = {
			isa = PBXNativeTarget;
			buildConfigurationList = A56EFFC12028B0B000B106F5 /* Build configuration list for PBXNativeTarget "Kitchen HelpUITests" */;
			buildPhases = (
				A56EFFAE2028B0B000B106F5 /* Sources */,
				A56EFFAF2028B0B000B106F5 /* Frameworks */,
				A56EFFB02028B0B000B106F5 /* Resources */,
			);
			buildRules = (
			);
			dependencies = (
				A56EFFB42028B0B000B106F5 /* PBXTargetDependency */,
			);
			name = "Kitchen HelpUITests";
			productName = "Kitchen HelpUITests";
			productReference = A56EFFB22028B0B000B106F5 /* Kitchen HelpUITests.xctest */;
			productType = "com.apple.product-type.bundle.ui-testing";
		};
/* End PBXNativeTarget section */

/* Begin PBXProject section */
		A56EFF8B2028B0B000B106F5 /* Project object */ = {
			isa = PBXProject;
			attributes = {
				LastSwiftUpdateCheck = 0920;
				LastUpgradeCheck = 0920;
				ORGANIZATIONNAME = "Miranda Richardson";
				TargetAttributes = {
					A56EFF922028B0B000B106F5 = {
						CreatedOnToolsVersion = 9.2;
						ProvisioningStyle = Automatic;
					};
					A56EFFA62028B0B000B106F5 = {
						CreatedOnToolsVersion = 9.2;
						ProvisioningStyle = Automatic;
						TestTargetID = A56EFF922028B0B000B106F5;
					};
					A56EFFB12028B0B000B106F5 = {
						CreatedOnToolsVersion = 9.2;
						ProvisioningStyle = Automatic;
						TestTargetID = A56EFF922028B0B000B106F5;
					};
				};
			};
			buildConfigurationList = A56EFF8E2028B0B000B106F5 /* Build configuration list for PBXProject "Kitchen Help" */;
			compatibilityVersion = "Xcode 8.0";
			developmentRegion = en;
			hasScannedForEncodings = 0;
			knownRegions = (
				en,
				Base,
			);
			mainGroup = A56EFF8A2028B0B000B106F5;
			productRefGroup = A56EFF942028B0B000B106F5 /* Products */;
			projectDirPath = "";
			projectRoot = "";
			targets = (
				A56EFF922028B0B000B106F5 /* Kitchen Help */,
				A56EFFA62028B0B000B106F5 /* Kitchen HelpTests */,
				A56EFFB12028B0B000B106F5 /* Kitchen HelpUITests */,
			);
		};
/* End PBXProject section */

/* Begin PBXResourcesBuildPhase section */
		A56EFF912028B0B000B106F5 /* Resources */ = {
			isa = PBXResourcesBuildPhase;
			buildActionMask = 2147483647;
			files = (
				A5CC4CC92041E4D90019BBF3 /* Recipes.plist in Resources */,
				A56EFFA12028B0B000B106F5 /* LaunchScreen.storyboard in Resources */,
				A5B169CF20446CA800A524A5 /* Pantry.plist in Resources */,
				A5C9FC55203F3392008262CE /* GoogleService-Info.plist in Resources */,
				A56EFF9E2028B0B000B106F5 /* Assets.xcassets in Resources */,
				A56EFF9C2028B0B000B106F5 /* Main.storyboard in Resources */,
			);
			runOnlyForDeploymentPostprocessing = 0;
		};
		A56EFFA52028B0B000B106F5 /* Resources */ = {
			isa = PBXResourcesBuildPhase;
			buildActionMask = 2147483647;
			files = (
			);
			runOnlyForDeploymentPostprocessing = 0;
		};
		A56EFFB02028B0B000B106F5 /* Resources */ = {
			isa = PBXResourcesBuildPhase;
			buildActionMask = 2147483647;
			files = (
			);
			runOnlyForDeploymentPostprocessing = 0;
		};
/* End PBXResourcesBuildPhase section */

/* Begin PBXSourcesBuildPhase section */
		A56EFF8F2028B0B000B106F5 /* Sources */ = {
			isa = PBXSourcesBuildPhase;
			buildActionMask = 2147483647;
			files = (
				A5B169CB20446B1300A524A5 /* HomeTableViewController.swift in Sources */,
				A5209AB1202CAB4C0075DD0D /* RecipeTableViewController.swift in Sources */,
				A56EFF992028B0B000B106F5 /* LoginViewController.swift in Sources */,
				A56EFF972028B0B000B106F5 /* AppDelegate.swift in Sources */,
				A5209AB6202CADDE0075DD0D /* ResultsViewController.swift in Sources */,
				A5B169CD20446B3F00A524A5 /* PantryViewController.swift in Sources */,
				A5209AB4202CAD660075DD0D /* SearchPageViewController.swift in Sources */,
			);
			runOnlyForDeploymentPostprocessing = 0;
		};
		A56EFFA32028B0B000B106F5 /* Sources */ = {
			isa = PBXSourcesBuildPhase;
			buildActionMask = 2147483647;
			files = (
				A56EFFAC2028B0B000B106F5 /* Kitchen_HelpTests.swift in Sources */,
			);
			runOnlyForDeploymentPostprocessing = 0;
		};
		A56EFFAE2028B0B000B106F5 /* Sources */ = {
			isa = PBXSourcesBuildPhase;
			buildActionMask = 2147483647;
			files = (
				A56EFFB72028B0B000B106F5 /* Kitchen_HelpUITests.swift in Sources */,
			);
			runOnlyForDeploymentPostprocessing = 0;
		};
/* End PBXSourcesBuildPhase section */

/* Begin PBXTargetDependency section */
		A56EFFA92028B0B000B106F5 /* PBXTargetDependency */ = {
			isa = PBXTargetDependency;
			target = A56EFF922028B0B000B106F5 /* Kitchen Help */;
			targetProxy = A56EFFA82028B0B000B106F5 /* PBXContainerItemProxy */;
		};
		A56EFFB42028B0B000B106F5 /* PBXTargetDependency */ = {
			isa = PBXTargetDependency;
			target = A56EFF922028B0B000B106F5 /* Kitchen Help */;
			targetProxy = A56EFFB32028B0B000B106F5 /* PBXContainerItemProxy */;
		};
/* End PBXTargetDependency section */

/* Begin PBXVariantGroup section */
		A56EFF9A2028B0B000B106F5 /* Main.storyboard */ = {
			isa = PBXVariantGroup;
			children = (
				A56EFF9B2028B0B000B106F5 /* Base */,
			);
			name = Main.storyboard;
			sourceTree = "<group>";
		};
		A56EFF9F2028B0B000B106F5 /* LaunchScreen.storyboard */ = {
			isa = PBXVariantGroup;
			children = (
				A56EFFA02028B0B000B106F5 /* Base */,
			);
			name = LaunchScreen.storyboard;
			sourceTree = "<group>";
		};
/* End PBXVariantGroup section */

/* Begin XCBuildConfiguration section */
		A56EFFB92028B0B000B106F5 /* Debug */ = {
			isa = XCBuildConfiguration;
			buildSettings = {
				ALWAYS_SEARCH_USER_PATHS = NO;
				CLANG_ANALYZER_NONNULL = YES;
				CLANG_ANALYZER_NUMBER_OBJECT_CONVERSION = YES_AGGRESSIVE;
				CLANG_CXX_LANGUAGE_STANDARD = "gnu++14";
				CLANG_CXX_LIBRARY = "libc++";
				CLANG_ENABLE_MODULES = YES;
				CLANG_ENABLE_OBJC_ARC = YES;
				CLANG_WARN_BLOCK_CAPTURE_AUTORELEASING = YES;
				CLANG_WARN_BOOL_CONVERSION = YES;
				CLANG_WARN_COMMA = YES;
				CLANG_WARN_CONSTANT_CONVERSION = YES;
				CLANG_WARN_DIRECT_OBJC_ISA_USAGE = YES_ERROR;
				CLANG_WARN_DOCUMENTATION_COMMENTS = YES;
				CLANG_WARN_EMPTY_BODY = YES;
				CLANG_WARN_ENUM_CONVERSION = YES;
				CLANG_WARN_INFINITE_RECURSION = YES;
				CLANG_WARN_INT_CONVERSION = YES;
				CLANG_WARN_NON_LITERAL_NULL_CONVERSION = YES;
				CLANG_WARN_OBJC_LITERAL_CONVERSION = YES;
				CLANG_WARN_OBJC_ROOT_CLASS = YES_ERROR;
				CLANG_WARN_RANGE_LOOP_ANALYSIS = YES;
				CLANG_WARN_STRICT_PROTOTYPES = YES;
				CLANG_WARN_SUSPICIOUS_MOVE = YES;
				CLANG_WARN_UNGUARDED_AVAILABILITY = YES_AGGRESSIVE;
				CLANG_WARN_UNREACHABLE_CODE = YES;
				CLANG_WARN__DUPLICATE_METHOD_MATCH = YES;
				CODE_SIGN_IDENTITY = "iPhone Developer";
				COPY_PHASE_STRIP = NO;
				DEBUG_INFORMATION_FORMAT = dwarf;
				ENABLE_STRICT_OBJC_MSGSEND = YES;
				ENABLE_TESTABILITY = YES;
				GCC_C_LANGUAGE_STANDARD = gnu11;
				GCC_DYNAMIC_NO_PIC = NO;
				GCC_NO_COMMON_BLOCKS = YES;
				GCC_OPTIMIZATION_LEVEL = 0;
				GCC_PREPROCESSOR_DEFINITIONS = (
					"DEBUG=1",
					"$(inherited)",
				);
				GCC_WARN_64_TO_32_BIT_CONVERSION = YES;
				GCC_WARN_ABOUT_RETURN_TYPE = YES_ERROR;
				GCC_WARN_UNDECLARED_SELECTOR = YES;
				GCC_WARN_UNINITIALIZED_AUTOS = YES_AGGRESSIVE;
				GCC_WARN_UNUSED_FUNCTION = YES;
				GCC_WARN_UNUSED_VARIABLE = YES;
				IPHONEOS_DEPLOYMENT_TARGET = 11.2;
				MTL_ENABLE_DEBUG_INFO = YES;
				ONLY_ACTIVE_ARCH = YES;
				SDKROOT = iphoneos;
				SWIFT_ACTIVE_COMPILATION_CONDITIONS = DEBUG;
				SWIFT_OPTIMIZATION_LEVEL = "-Onone";
			};
			name = Debug;
		};
		A56EFFBA2028B0B000B106F5 /* Release */ = {
			isa = XCBuildConfiguration;
			buildSettings = {
				ALWAYS_SEARCH_USER_PATHS = NO;
				CLANG_ANALYZER_NONNULL = YES;
				CLANG_ANALYZER_NUMBER_OBJECT_CONVERSION = YES_AGGRESSIVE;
				CLANG_CXX_LANGUAGE_STANDARD = "gnu++14";
				CLANG_CXX_LIBRARY = "libc++";
				CLANG_ENABLE_MODULES = YES;
				CLANG_ENABLE_OBJC_ARC = YES;
				CLANG_WARN_BLOCK_CAPTURE_AUTORELEASING = YES;
				CLANG_WARN_BOOL_CONVERSION = YES;
				CLANG_WARN_COMMA = YES;
				CLANG_WARN_CONSTANT_CONVERSION = YES;
				CLANG_WARN_DIRECT_OBJC_ISA_USAGE = YES_ERROR;
				CLANG_WARN_DOCUMENTATION_COMMENTS = YES;
				CLANG_WARN_EMPTY_BODY = YES;
				CLANG_WARN_ENUM_CONVERSION = YES;
				CLANG_WARN_INFINITE_RECURSION = YES;
				CLANG_WARN_INT_CONVERSION = YES;
				CLANG_WARN_NON_LITERAL_NULL_CONVERSION = YES;
				CLANG_WARN_OBJC_LITERAL_CONVERSION = YES;
				CLANG_WARN_OBJC_ROOT_CLASS = YES_ERROR;
				CLANG_WARN_RANGE_LOOP_ANALYSIS = YES;
				CLANG_WARN_STRICT_PROTOTYPES = YES;
				CLANG_WARN_SUSPICIOUS_MOVE = YES;
				CLANG_WARN_UNGUARDED_AVAILABILITY = YES_AGGRESSIVE;
				CLANG_WARN_UNREACHABLE_CODE = YES;
				CLANG_WARN__DUPLICATE_METHOD_MATCH = YES;
				CODE_SIGN_IDENTITY = "iPhone Developer";
				COPY_PHASE_STRIP = NO;
				DEBUG_INFORMATION_FORMAT = "dwarf-with-dsym";
				ENABLE_NS_ASSERTIONS = NO;
				ENABLE_STRICT_OBJC_MSGSEND = YES;
				GCC_C_LANGUAGE_STANDARD = gnu11;
				GCC_NO_COMMON_BLOCKS = YES;
				GCC_WARN_64_TO_32_BIT_CONVERSION = YES;
				GCC_WARN_ABOUT_RETURN_TYPE = YES_ERROR;
				GCC_WARN_UNDECLARED_SELECTOR = YES;
				GCC_WARN_UNINITIALIZED_AUTOS = YES_AGGRESSIVE;
				GCC_WARN_UNUSED_FUNCTION = YES;
				GCC_WARN_UNUSED_VARIABLE = YES;
				IPHONEOS_DEPLOYMENT_TARGET = 11.2;
				MTL_ENABLE_DEBUG_INFO = NO;
				SDKROOT = iphoneos;
				SWIFT_OPTIMIZATION_LEVEL = "-Owholemodule";
				VALIDATE_PRODUCT = YES;
			};
			name = Release;
		};
		A56EFFBC2028B0B000B106F5 /* Debug */ = {
			isa = XCBuildConfiguration;
			buildSettings = {
				ASSETCATALOG_COMPILER_APPICON_NAME = AppIcon;
				CODE_SIGN_STYLE = Automatic;
				INFOPLIST_FILE = "Kitchen Help/Info.plist";
				LD_RUNPATH_SEARCH_PATHS = "$(inherited) @executable_path/Frameworks";
				PRODUCT_BUNDLE_IDENTIFIER = "edu.monmouth.Kitchen-Help";
				PRODUCT_NAME = "$(TARGET_NAME)";
				SWIFT_VERSION = 4.0;
				TARGETED_DEVICE_FAMILY = "1,2";
			};
			name = Debug;
		};
		A56EFFBD2028B0B000B106F5 /* Release */ = {
			isa = XCBuildConfiguration;
			buildSettings = {
				ASSETCATALOG_COMPILER_APPICON_NAME = AppIcon;
				CODE_SIGN_STYLE = Automatic;
				INFOPLIST_FILE = "Kitchen Help/Info.plist";
				LD_RUNPATH_SEARCH_PATHS = "$(inherited) @executable_path/Frameworks";
				PRODUCT_BUNDLE_IDENTIFIER = "edu.monmouth.Kitchen-Help";
				PRODUCT_NAME = "$(TARGET_NAME)";
				SWIFT_VERSION = 4.0;
				TARGETED_DEVICE_FAMILY = "1,2";
			};
			name = Release;
		};
		A56EFFBF2028B0B000B106F5 /* Debug */ = {
			isa = XCBuildConfiguration;
			buildSettings = {
				ALWAYS_EMBED_SWIFT_STANDARD_LIBRARIES = YES;
				BUNDLE_LOADER = "$(TEST_HOST)";
				CODE_SIGN_STYLE = Automatic;
				INFOPLIST_FILE = "Kitchen HelpTests/Info.plist";
				LD_RUNPATH_SEARCH_PATHS = "$(inherited) @executable_path/Frameworks @loader_path/Frameworks";
				PRODUCT_BUNDLE_IDENTIFIER = "edu.monmouth.Kitchen-HelpTests";
				PRODUCT_NAME = "$(TARGET_NAME)";
				SWIFT_VERSION = 4.0;
				TARGETED_DEVICE_FAMILY = "1,2";
				TEST_HOST = "$(BUILT_PRODUCTS_DIR)/Kitchen Help.app/Kitchen Help";
			};
			name = Debug;
		};
		A56EFFC02028B0B000B106F5 /* Release */ = {
			isa = XCBuildConfiguration;
			buildSettings = {
				ALWAYS_EMBED_SWIFT_STANDARD_LIBRARIES = YES;
				BUNDLE_LOADER = "$(TEST_HOST)";
				CODE_SIGN_STYLE = Automatic;
				INFOPLIST_FILE = "Kitchen HelpTests/Info.plist";
				LD_RUNPATH_SEARCH_PATHS = "$(inherited) @executable_path/Frameworks @loader_path/Frameworks";
				PRODUCT_BUNDLE_IDENTIFIER = "edu.monmouth.Kitchen-HelpTests";
				PRODUCT_NAME = "$(TARGET_NAME)";
				SWIFT_VERSION = 4.0;
				TARGETED_DEVICE_FAMILY = "1,2";
				TEST_HOST = "$(BUILT_PRODUCTS_DIR)/Kitchen Help.app/Kitchen Help";
			};
			name = Release;
		};
		A56EFFC22028B0B000B106F5 /* Debug */ = {
			isa = XCBuildConfiguration;
			buildSettings = {
				ALWAYS_EMBED_SWIFT_STANDARD_LIBRARIES = YES;
				CODE_SIGN_STYLE = Automatic;
				INFOPLIST_FILE = "Kitchen HelpUITests/Info.plist";
				LD_RUNPATH_SEARCH_PATHS = "$(inherited) @executable_path/Frameworks @loader_path/Frameworks";
				PRODUCT_BUNDLE_IDENTIFIER = "edu.monmouth.Kitchen-HelpUITests";
				PRODUCT_NAME = "$(TARGET_NAME)";
				SWIFT_VERSION = 4.0;
				TARGETED_DEVICE_FAMILY = "1,2";
				TEST_TARGET_NAME = "Kitchen Help";
			};
			name = Debug;
		};
		A56EFFC32028B0B000B106F5 /* Release */ = {
			isa = XCBuildConfiguration;
			buildSettings = {
				ALWAYS_EMBED_SWIFT_STANDARD_LIBRARIES = YES;
				CODE_SIGN_STYLE = Automatic;
				INFOPLIST_FILE = "Kitchen HelpUITests/Info.plist";
				LD_RUNPATH_SEARCH_PATHS = "$(inherited) @executable_path/Frameworks @loader_path/Frameworks";
				PRODUCT_BUNDLE_IDENTIFIER = "edu.monmouth.Kitchen-HelpUITests";
				PRODUCT_NAME = "$(TARGET_NAME)";
				SWIFT_VERSION = 4.0;
				TARGETED_DEVICE_FAMILY = "1,2";
				TEST_TARGET_NAME = "Kitchen Help";
			};
			name = Release;
		};
/* End XCBuildConfiguration section */

/* Begin XCConfigurationList section */
		A56EFF8E2028B0B000B106F5 /* Build configuration list for PBXProject "Kitchen Help" */ = {
			isa = XCConfigurationList;
			buildConfigurations = (
				A56EFFB92028B0B000B106F5 /* Debug */,
				A56EFFBA2028B0B000B106F5 /* Release */,
			);
			defaultConfigurationIsVisible = 0;
			defaultConfigurationName = Release;
		};
		A56EFFBB2028B0B000B106F5 /* Build configuration list for PBXNativeTarget "Kitchen Help" */ = {
			isa = XCConfigurationList;
			buildConfigurations = (
				A56EFFBC2028B0B000B106F5 /* Debug */,
				A56EFFBD2028B0B000B106F5 /* Release */,
			);
			defaultConfigurationIsVisible = 0;
			defaultConfigurationName = Release;
		};
		A56EFFBE2028B0B000B106F5 /* Build configuration list for PBXNativeTarget "Kitchen HelpTests" */ = {
			isa = XCConfigurationList;
			buildConfigurations = (
				A56EFFBF2028B0B000B106F5 /* Debug */,
				A56EFFC02028B0B000B106F5 /* Release */,
			);
			defaultConfigurationIsVisible = 0;
			defaultConfigurationName = Release;
		};
		A56EFFC12028B0B000B106F5 /* Build configuration list for PBXNativeTarget "Kitchen HelpUITests" */ = {
			isa = XCConfigurationList;
			buildConfigurations = (
				A56EFFC22028B0B000B106F5 /* Debug */,
				A56EFFC32028B0B000B106F5 /* Release */,
			);
			defaultConfigurationIsVisible = 0;
			defaultConfigurationName = Release;
		};
/* End XCConfigurationList section */
	};
	rootObject = A56EFF8B2028B0B000B106F5 /* Project object */;
}
